// !$*UTF8*$!
{
	archiveVersion = 1;
	classes = {
	};
	objectVersion = 46;
	objects = {

/* Begin PBXBuildFile section */
		_LinkFileRef_CommandLine_via_CommandLineTests /* CommandLine.framework in Frameworks */ = {isa = PBXBuildFile; fileRef = "_____Product_CommandLine" /* CommandLine.framework */; };
		__src_cc_ref_CommandLine/CommandLine.swift /* CommandLine.swift in Sources */ = {isa = PBXBuildFile; fileRef = __PBXFileRef_CommandLine/CommandLine.swift /* CommandLine.swift */; };
		__src_cc_ref_CommandLine/Option.swift /* Option.swift in Sources */ = {isa = PBXBuildFile; fileRef = __PBXFileRef_CommandLine/Option.swift /* Option.swift */; };
		__src_cc_ref_CommandLine/StringExtensions.swift /* StringExtensions.swift in Sources */ = {isa = PBXBuildFile; fileRef = __PBXFileRef_CommandLine/StringExtensions.swift /* StringExtensions.swift */; };
		__src_cc_ref_Tests/CommandLineTests/CommandLineTests.swift /* CommandLineTests.swift in Sources */ = {isa = PBXBuildFile; fileRef = __PBXFileRef_Tests/CommandLineTests/CommandLineTests.swift /* CommandLineTests.swift */; };
		__src_cc_ref_Tests/CommandLineTests/StringExtensionTests.swift /* StringExtensionTests.swift in Sources */ = {isa = PBXBuildFile; fileRef = __PBXFileRef_Tests/CommandLineTests/StringExtensionTests.swift /* StringExtensionTests.swift */; };
/* End PBXBuildFile section */

/* Begin PBXContainerItemProxy section */
		29EF5FD81D879A1A00924979 /* PBXContainerItemProxy */ = {
			isa = PBXContainerItemProxy;
			containerPortal = __RootObject_ /* Project object */;
			proxyType = 1;
			remoteGlobalIDString = "______Target_CommandLine";
			remoteInfo = CommandLine;
		};
/* End PBXContainerItemProxy section */

/* Begin PBXFileReference section */
		__PBXFileRef_CommandLine.xcodeproj/Configs/Project.xcconfig /* CommandLine.xcodeproj/Configs/Project.xcconfig */ = {isa = PBXFileReference; lastKnownFileType = text.xcconfig; path = CommandLine.xcodeproj/Configs/Project.xcconfig; sourceTree = "<group>"; };
		__PBXFileRef_CommandLine/CommandLine.swift /* CommandLine.swift */ = {isa = PBXFileReference; lastKnownFileType = sourcecode.swift; path = CommandLine.swift; sourceTree = "<group>"; };
		__PBXFileRef_CommandLine/Option.swift /* Option.swift */ = {isa = PBXFileReference; lastKnownFileType = sourcecode.swift; path = Option.swift; sourceTree = "<group>"; };
		__PBXFileRef_CommandLine/StringExtensions.swift /* StringExtensions.swift */ = {isa = PBXFileReference; lastKnownFileType = sourcecode.swift; path = StringExtensions.swift; sourceTree = "<group>"; };
		__PBXFileRef_Package.swift /* Package.swift */ = {isa = PBXFileReference; lastKnownFileType = sourcecode.swift; path = Package.swift; sourceTree = "<group>"; };
		__PBXFileRef_Tests/CommandLineTests/CommandLineTests.swift /* CommandLineTests.swift */ = {isa = PBXFileReference; lastKnownFileType = sourcecode.swift; path = CommandLineTests.swift; sourceTree = "<group>"; };
		__PBXFileRef_Tests/CommandLineTests/StringExtensionTests.swift /* StringExtensionTests.swift */ = {isa = PBXFileReference; lastKnownFileType = sourcecode.swift; path = StringExtensionTests.swift; sourceTree = "<group>"; };
		"_____Product_CommandLine" /* CommandLine.framework */ = {isa = PBXFileReference; explicitFileType = wrapper.framework; path = CommandLine.framework; sourceTree = BUILT_PRODUCTS_DIR; };
		"_____Product_CommandLineTests" /* CommandLineTests.xctest */ = {isa = PBXFileReference; explicitFileType = wrapper.cfbundle; path = CommandLineTests.xctest; sourceTree = BUILT_PRODUCTS_DIR; };
/* End PBXFileReference section */

/* Begin PBXFrameworksBuildPhase section */
		"___LinkPhase_CommandLine" /* Frameworks */ = {
			isa = PBXFrameworksBuildPhase;
			buildActionMask = 0;
			files = (
			);
			runOnlyForDeploymentPostprocessing = 0;
		};
		"___LinkPhase_CommandLineTests" /* Frameworks */ = {
			isa = PBXFrameworksBuildPhase;
			buildActionMask = 0;
			files = (
				_LinkFileRef_CommandLine_via_CommandLineTests /* CommandLine.framework in Frameworks */,
			);
			runOnlyForDeploymentPostprocessing = 0;
		};
/* End PBXFrameworksBuildPhase section */

/* Begin PBXGroup section */
		TestProducts_ /* Tests */ = {
			isa = PBXGroup;
			children = (
				"_____Product_CommandLineTests" /* CommandLineTests.xctest */,
			);
			name = Tests;
			sourceTree = "<group>";
		};
		"___RootGroup_" = {
			isa = PBXGroup;
			children = (
				__PBXFileRef_Package.swift /* Package.swift */,
				"_____Configs_" /* Configs */,
				"_____Sources_" /* Sources */,
				"_______Tests_" /* Tests */,
				"____Products_" /* Products */,
			);
			sourceTree = "<group>";
		};
		"____Products_" /* Products */ = {
			isa = PBXGroup;
			children = (
				TestProducts_ /* Tests */,
				"_____Product_CommandLine" /* CommandLine.framework */,
			);
			name = Products;
			sourceTree = "<group>";
		};
		"_____Configs_" /* Configs */ = {
			isa = PBXGroup;
			children = (
				__PBXFileRef_CommandLine.xcodeproj/Configs/Project.xcconfig /* CommandLine.xcodeproj/Configs/Project.xcconfig */,
			);
			name = Configs;
			sourceTree = "<group>";
		};
		"_____Sources_" /* Sources */ = {
			isa = PBXGroup;
			children = (
				"_______Group_CommandLine" /* CommandLine */,
			);
			name = Sources;
			sourceTree = "<group>";
		};
		"_______Group_CommandLine" /* CommandLine */ = {
			isa = PBXGroup;
			children = (
				__PBXFileRef_CommandLine/CommandLine.swift /* CommandLine.swift */,
				__PBXFileRef_CommandLine/Option.swift /* Option.swift */,
				__PBXFileRef_CommandLine/StringExtensions.swift /* StringExtensions.swift */,
			);
			path = CommandLine;
			sourceTree = "<group>";
		};
		"_______Group_CommandLineTests" /* CommandLineTests */ = {
			isa = PBXGroup;
			children = (
				__PBXFileRef_Tests/CommandLineTests/CommandLineTests.swift /* CommandLineTests.swift */,
				__PBXFileRef_Tests/CommandLineTests/StringExtensionTests.swift /* StringExtensionTests.swift */,
			);
			name = CommandLineTests;
			path = Tests/CommandLineTests;
			sourceTree = "<group>";
		};
		"_______Tests_" /* Tests */ = {
			isa = PBXGroup;
			children = (
				"_______Group_CommandLineTests" /* CommandLineTests */,
			);
			name = Tests;
			sourceTree = "<group>";
		};
/* End PBXGroup section */

/* Begin PBXNativeTarget section */
		"______Target_CommandLine" /* CommandLine */ = {
			isa = PBXNativeTarget;
			buildConfigurationList = "_______Confs_CommandLine" /* Build configuration list for PBXNativeTarget "CommandLine" */;
			buildPhases = (
				CompilePhase_CommandLine /* Sources */,
				"___LinkPhase_CommandLine" /* Frameworks */,
			);
			buildRules = (
			);
			dependencies = (
			);
			name = CommandLine;
			productName = CommandLine;
			productReference = "_____Product_CommandLine" /* CommandLine.framework */;
			productType = "com.apple.product-type.framework";
		};
		"______Target_CommandLineTests" /* CommandLineTests */ = {
			isa = PBXNativeTarget;
			buildConfigurationList = "_______Confs_CommandLineTests" /* Build configuration list for PBXNativeTarget "CommandLineTests" */;
			buildPhases = (
				CompilePhase_CommandLineTests /* Sources */,
				"___LinkPhase_CommandLineTests" /* Frameworks */,
			);
			buildRules = (
			);
			dependencies = (
				__Dependency_CommandLine /* PBXTargetDependency */,
			);
			name = CommandLineTests;
			productName = CommandLineTests;
			productReference = "_____Product_CommandLineTests" /* CommandLineTests.xctest */;
			productType = "com.apple.product-type.bundle.unit-test";
		};
/* End PBXNativeTarget section */

/* Begin PBXProject section */
		__RootObject_ /* Project object */ = {
			isa = PBXProject;
			attributes = {
				LastUpgradeCheck = 9999;
				TargetAttributes = {
					"______Target_CommandLine" = {
						LastSwiftMigration = 0800;
					};
					"______Target_CommandLineTests" = {
						LastSwiftMigration = 0800;
					};
				};
			};
			buildConfigurationList = "___RootConfs_" /* Build configuration list for PBXProject "CommandLine" */;
			compatibilityVersion = "Xcode 3.2";
			developmentRegion = English;
			hasScannedForEncodings = 0;
			knownRegions = (
				en,
			);
			mainGroup = "___RootGroup_";
			productRefGroup = "____Products_" /* Products */;
			projectDirPath = "";
			projectRoot = "";
			targets = (
				"______Target_CommandLine" /* CommandLine */,
				"______Target_CommandLineTests" /* CommandLineTests */,
			);
		};
/* End PBXProject section */

/* Begin PBXSourcesBuildPhase section */
		CompilePhase_CommandLine /* Sources */ = {
			isa = PBXSourcesBuildPhase;
			buildActionMask = 0;
			files = (
				__src_cc_ref_CommandLine/CommandLine.swift /* CommandLine.swift in Sources */,
				__src_cc_ref_CommandLine/Option.swift /* Option.swift in Sources */,
				__src_cc_ref_CommandLine/StringExtensions.swift /* StringExtensions.swift in Sources */,
			);
			runOnlyForDeploymentPostprocessing = 0;
		};
		CompilePhase_CommandLineTests /* Sources */ = {
			isa = PBXSourcesBuildPhase;
			buildActionMask = 0;
			files = (
				__src_cc_ref_Tests/CommandLineTests/CommandLineTests.swift /* CommandLineTests.swift in Sources */,
				__src_cc_ref_Tests/CommandLineTests/StringExtensionTests.swift /* StringExtensionTests.swift in Sources */,
			);
			runOnlyForDeploymentPostprocessing = 0;
		};
/* End PBXSourcesBuildPhase section */

/* Begin PBXTargetDependency section */
		__Dependency_CommandLine /* PBXTargetDependency */ = {
			isa = PBXTargetDependency;
			target = "______Target_CommandLine" /* CommandLine */;
			targetProxy = 29EF5FD81D879A1A00924979 /* PBXContainerItemProxy */;
		};
/* End PBXTargetDependency section */

/* Begin XCBuildConfiguration section */
		_ReleaseConf_CommandLine /* Release */ = {
			isa = XCBuildConfiguration;
			buildSettings = {
				ENABLE_TESTABILITY = YES;
				FRAMEWORK_SEARCH_PATHS = "$(PLATFORM_DIR)/Developer/Library/Frameworks";
				INFOPLIST_FILE = CommandLine.xcodeproj/CommandLine_Info.plist;
				LD_RUNPATH_SEARCH_PATHS = "$(TOOLCHAIN_DIR)/usr/lib/swift/macosx";
				OTHER_LDFLAGS = "$(inherited)";
				OTHER_SWIFT_FLAGS = "$(inherited)";
				PRODUCT_BUNDLE_IDENTIFIER = CommandLine;
				PRODUCT_MODULE_NAME = "$(TARGET_NAME:c99extidentifier)";
				PRODUCT_NAME = "$(TARGET_NAME:c99extidentifier)";
				SWIFT_VERSION = 3.0;
			};
			name = Release;
		};
		_ReleaseConf_CommandLineTests /* Release */ = {
			isa = XCBuildConfiguration;
			buildSettings = {
				EMBEDDED_CONTENT_CONTAINS_SWIFT = YES;
				FRAMEWORK_SEARCH_PATHS = "$(PLATFORM_DIR)/Developer/Library/Frameworks";
				INFOPLIST_FILE = CommandLine.xcodeproj/CommandLineTests_Info.plist;
				LD_RUNPATH_SEARCH_PATHS = "@loader_path/../Frameworks";
				OTHER_LDFLAGS = "$(inherited)";
				OTHER_SWIFT_FLAGS = "$(inherited)";
				SWIFT_VERSION = 3.0;
			};
			name = Release;
		};
		"___DebugConf_CommandLine" /* Debug */ = {
			isa = XCBuildConfiguration;
			buildSettings = {
				ENABLE_TESTABILITY = YES;
				FRAMEWORK_SEARCH_PATHS = "$(PLATFORM_DIR)/Developer/Library/Frameworks";
				INFOPLIST_FILE = CommandLine.xcodeproj/CommandLine_Info.plist;
				LD_RUNPATH_SEARCH_PATHS = "$(TOOLCHAIN_DIR)/usr/lib/swift/macosx";
				OTHER_LDFLAGS = "$(inherited)";
				OTHER_SWIFT_FLAGS = "$(inherited)";
				PRODUCT_BUNDLE_IDENTIFIER = CommandLine;
				PRODUCT_MODULE_NAME = "$(TARGET_NAME:c99extidentifier)";
				PRODUCT_NAME = "$(TARGET_NAME:c99extidentifier)";
				SWIFT_OPTIMIZATION_LEVEL = "-Onone";
				SWIFT_VERSION = 3.0;
			};
			name = Debug;
		};
		"___DebugConf_CommandLineTests" /* Debug */ = {
			isa = XCBuildConfiguration;
			buildSettings = {
				EMBEDDED_CONTENT_CONTAINS_SWIFT = YES;
				FRAMEWORK_SEARCH_PATHS = "$(PLATFORM_DIR)/Developer/Library/Frameworks";
				INFOPLIST_FILE = CommandLine.xcodeproj/CommandLineTests_Info.plist;
				LD_RUNPATH_SEARCH_PATHS = "@loader_path/../Frameworks";
				OTHER_LDFLAGS = "$(inherited)";
				OTHER_SWIFT_FLAGS = "$(inherited)";
				SWIFT_OPTIMIZATION_LEVEL = "-Onone";
				SWIFT_VERSION = 3.0;
			};
			name = Debug;
		};
		"_____Release_" /* Release */ = {
			isa = XCBuildConfiguration;
			baseConfigurationReference = __PBXFileRef_CommandLine.xcodeproj/Configs/Project.xcconfig /* CommandLine.xcodeproj/Configs/Project.xcconfig */;
			buildSettings = {
			};
			name = Release;
		};
		"_______Debug_" /* Debug */ = {
			isa = XCBuildConfiguration;
			baseConfigurationReference = __PBXFileRef_CommandLine.xcodeproj/Configs/Project.xcconfig /* CommandLine.xcodeproj/Configs/Project.xcconfig */;
			buildSettings = {
			};
			name = Debug;
		};
/* End XCBuildConfiguration section */

/* Begin XCConfigurationList section */
		"___RootConfs_" /* Build configuration list for PBXProject "CommandLine" */ = {
			isa = XCConfigurationList;
			buildConfigurations = (
				"_______Debug_" /* Debug */,
				"_____Release_" /* Release */,
			);
			defaultConfigurationIsVisible = 0;
			defaultConfigurationName = Debug;
		};
		"_______Confs_CommandLine" /* Build configuration list for PBXNativeTarget "CommandLine" */ = {
			isa = XCConfigurationList;
			buildConfigurations = (
				"___DebugConf_CommandLine" /* Debug */,
				_ReleaseConf_CommandLine /* Release */,
			);
			defaultConfigurationIsVisible = 0;
			defaultConfigurationName = Debug;
		};
		"_______Confs_CommandLineTests" /* Build configuration list for PBXNativeTarget "CommandLineTests" */ = {
			isa = XCConfigurationList;
			buildConfigurations = (
				"___DebugConf_CommandLineTests" /* Debug */,
				_ReleaseConf_CommandLineTests /* Release */,
			);
			defaultConfigurationIsVisible = 0;
			defaultConfigurationName = Debug;
		};
/* End XCConfigurationList section */
	};
	rootObject = __RootObject_ /* Project object */;
}
